
Microsoft Visual Studio Solution File, Format Version 12.00
# Visual Studio Version 17
VisualStudioVersion = 17.8.34330.188
MinimumVisualStudioVersion = 10.0.40219.1
Project("{9A19103F-16F7-4668-BE54-9A1E7A4F7556}") = "MHDirSearch", "MHDirSearch\MHDirSearch.csproj", "{DD7D43A1-8375-4A18-BFBB-DAEE5CDDD087}"
EndProject
Project("{2150E333-8FDC-42A3-9474-1A3956D46DE8}") = "Solution Items", "Solution Items", "{DA673E80-8F82-47F7-9C81-458DEB0BF6DA}"
EndProject
Project("{FAE04EC0-301F-11D3-BF4B-00C04F79EFBC}") = "DSTests", "DSTests\DSTests.csproj", "{4ED13D7E-9FA9-47FC-97EE-9E44B946AF7F}"
EndProject
Global
	GlobalSection(SolutionConfigurationPlatforms) = preSolution
		Debug|Any CPU = Debug|Any CPU
		Release|Any CPU = Release|Any CPU
	EndGlobalSection
	GlobalSection(ProjectConfigurationPlatforms) = postSolution
		{DD7D43A1-8375-4A18-BFBB-DAEE5CDDD087}.Debug|Any CPU.ActiveCfg = Debug|Any CPU
		{DD7D43A1-8375-4A18-BFBB-DAEE5CDDD087}.Debug|Any CPU.Build.0 = Debug|Any CPU
		{DD7D43A1-8375-4A18-BFBB-DAEE5CDDD087}.Release|Any CPU.ActiveCfg = Release|Any CPU
		{DD7D43A1-8375-4A18-BFBB-DAEE5CDDD087}.Release|Any CPU.Build.0 = Release|Any CPU
		{4ED13D7E-9FA9-47FC-97EE-9E44B946AF7F}.Debug|Any CPU.ActiveCfg = Debug|Any CPU
		{4ED13D7E-9FA9-47FC-97EE-9E44B946AF7F}.Debug|Any CPU.Build.0 = Debug|Any CPU
		{4ED13D7E-9FA9-47FC-97EE-9E44B946AF7F}.Release|Any CPU.ActiveCfg = Release|Any CPU
		{4ED13D7E-9FA9-47FC-97EE-9E44B946AF7F}.Release|Any CPU.Build.0 = Release|Any CPU
	EndGlobalSection
	GlobalSection(SolutionProperties) = preSolution
		HideSolutionNode = FALSE
	EndGlobalSection
	GlobalSection(ExtensibilityGlobals) = postSolution
		SolutionGuid = {064B4306-52FA-4B15-A3B0-5D881B9F0C25}
	EndGlobalSection
EndGlobal
