
Microsoft Visual Studio Solution File, Format Version 12.00
# Visual Studio 15
VisualStudioVersion = 15.0.28307.168
MinimumVisualStudioVersion = 10.0.40219.1
Project("{FAE04EC0-301F-11D3-BF4B-00C04F79EFBC}") = "MHDirSearch", "MHDirSearch\MHDirSearch.csproj", "{DD7D43A1-8375-4A18-BFBB-DAEE5CDDD087}"
EndProject
Project("{FAE04EC0-301F-11D3-BF4B-00C04F79EFBC}") = "MHDirSearch.Tests", "MHDirSearch.Tests\MHDirSearch.Tests.csproj", "{22B0324B-8BBF-4087-8211-3E1AA1683B55}"
EndProject
Global
	GlobalSection(SolutionConfigurationPlatforms) = preSolution
		Debug|Any CPU = Debug|Any CPU
		Release|Any CPU = Release|Any CPU
	EndGlobalSection
	GlobalSection(ProjectConfigurationPlatforms) = postSolution
		{DD7D43A1-8375-4A18-BFBB-DAEE5CDDD087}.Debug|Any CPU.ActiveCfg = Debug|Any CPU
		{DD7D43A1-8375-4A18-BFBB-DAEE5CDDD087}.Debug|Any CPU.Build.0 = Debug|Any CPU
		{DD7D43A1-8375-4A18-BFBB-DAEE5CDDD087}.Release|Any CPU.ActiveCfg = Release|Any CPU
		{DD7D43A1-8375-4A18-BFBB-DAEE5CDDD087}.Release|Any CPU.Build.0 = Release|Any CPU
		{22B0324B-8BBF-4087-8211-3E1AA1683B55}.Debug|Any CPU.ActiveCfg = Debug|Any CPU
		{22B0324B-8BBF-4087-8211-3E1AA1683B55}.Debug|Any CPU.Build.0 = Debug|Any CPU
		{22B0324B-8BBF-4087-8211-3E1AA1683B55}.Release|Any CPU.ActiveCfg = Release|Any CPU
		{22B0324B-8BBF-4087-8211-3E1AA1683B55}.Release|Any CPU.Build.0 = Release|Any CPU
	EndGlobalSection
	GlobalSection(SolutionProperties) = preSolution
		HideSolutionNode = FALSE
	EndGlobalSection
	GlobalSection(ExtensibilityGlobals) = postSolution
		SolutionGuid = {064B4306-52FA-4B15-A3B0-5D881B9F0C25}
	EndGlobalSection
EndGlobal
